
Microsoft Visual Studio Solution File, Format Version 12.00
# Visual Studio Version 16
VisualStudioVersion = 16.0.31702.278
MinimumVisualStudioVersion = 10.0.40219.1
Project("{9A19103F-16F7-4668-BE54-9A1E7A4F7556}") = "GoogleSearchResultsPanelTest", "GoogleSearchResultsPanelTest\GoogleSearchResultsPanelTest.csproj", "{DDBCE1A8-C205-483F-8A62-A29FD192FE56}"
EndProject
Project("{FAE04EC0-301F-11D3-BF4B-00C04F79EFBC}") = "GoogleSearchResultsPanelTest.Specs", "GoogleSearchResultsPanelTest.Specs\GoogleSearchResultsPanelTest.Specs.csproj", "{3B601F27-A422-40C9-8F14-5ADFF2B63111}"
EndProject
Global
	GlobalSection(SolutionConfigurationPlatforms) = preSolution
		Debug|Any CPU = Debug|Any CPU
		Release|Any CPU = Release|Any CPU
	EndGlobalSection
	GlobalSection(ProjectConfigurationPlatforms) = postSolution
		{DDBCE1A8-C205-483F-8A62-A29FD192FE56}.Debug|Any CPU.ActiveCfg = Debug|Any CPU
		{DDBCE1A8-C205-483F-8A62-A29FD192FE56}.Debug|Any CPU.Build.0 = Debug|Any CPU
		{DDBCE1A8-C205-483F-8A62-A29FD192FE56}.Release|Any CPU.ActiveCfg = Release|Any CPU
		{DDBCE1A8-C205-483F-8A62-A29FD192FE56}.Release|Any CPU.Build.0 = Release|Any CPU
		{3B601F27-A422-40C9-8F14-5ADFF2B63111}.Debug|Any CPU.ActiveCfg = Debug|Any CPU
		{3B601F27-A422-40C9-8F14-5ADFF2B63111}.Debug|Any CPU.Build.0 = Debug|Any CPU
		{3B601F27-A422-40C9-8F14-5ADFF2B63111}.Release|Any CPU.ActiveCfg = Release|Any CPU
		{3B601F27-A422-40C9-8F14-5ADFF2B63111}.Release|Any CPU.Build.0 = Release|Any CPU
	EndGlobalSection
	GlobalSection(SolutionProperties) = preSolution
		HideSolutionNode = FALSE
	EndGlobalSection
	GlobalSection(ExtensibilityGlobals) = postSolution
		SolutionGuid = {C22CDFAE-D65B-4673-9A14-DBC2FB720FCD}
	EndGlobalSection
EndGlobal
